{
  "requires": true,
  "lockfileVersion": 1,
  "dependencies": {
    "currify": {
      "version": "4.0.0",
      "resolved": "https://registry.npmjs.org/currify/-/currify-4.0.0.tgz",
      "integrity": "sha512-ABfH28PWp5oqqp31cLXJQdeMqoFNej9rJOu84wKhN3jPCH7FAZg3zY1MVI27PTFoqfPlxOyhGmh9PzOVv+yN2g=="
    },
    "lisp": {
      "version": "1.0.0",
      "resolved": "https://registry.npmjs.org/lisp/-/lisp-1.0.0.tgz",
      "integrity": "sha512-kuYDeyMzeDKJpommpQTuLZUXls/uExFPT953gJ3vI4Gzxa2ZTerNdv1AKyYhyUzXFZxH6Y8/MXqMUcWC6ZlwfA==",
      "requires": {
        "currify": "^4.0.0",
        "squad": "^3.0.0"
      }
    },
    "squad": {
      "version": "3.0.0",
      "resolved": "https://registry.npmjs.org/squad/-/squad-3.0.0.tgz",
      "integrity": "sha512-0b9yOi+WgNkfpSZcdMLUhu4TQfsXJA5Z3LA9DcS3c0hiQCdPZn3USOfwqrIe/41v4LZsunDu6ZCXZn3qyuMJhA=="
    }
  }
}
